git.defalsify.org/vise.git v0.1.0-rc.3.0.20240923162317-c20d557a3dbb h1:6P4kxihcwMjDKzvUFC6t2zGNb7MDW+l/ACGlSAN1N8Y=
git.defalsify.org/vise.git v0.1.0-rc.3.0.20240923162317-c20d557a3dbb/go.mod h1:JDguWmcoWBdsnpw7PUjVZAEpdC/ubBmjdUBy3tjP63M=
git.defalsify.org/vise.git v0.2.0 h1:X2ZgiGRq4C+9qOlDMP0b/oE5QHjVQNT4aEFZB88ST0Q=
git.defalsify.org/vise.git v0.2.0/go.mod h1:JDguWmcoWBdsnpw7PUjVZAEpdC/ubBmjdUBy3tjP63M=
github.com/alecthomas/assert/v2 v2.2.2 h1:Z/iVC0xZfWTaFNE6bA3z07T86hd45Xe2eLt6WVy2bbk=
github.com/alecthomas/assert/v2 v2.2.2/go.mod h1:pXcQ2Asjp247dahGEmsZ6ru0UVwnkhktn7S0bBDLxvQ=
github.com/alecthomas/participle/v2 v2.0.0 h1:Fgrq+MbuSsJwIkw3fEj9h75vDP0Er5JzepJ0/HNHv0g=
github.com/alecthomas/participle/v2 v2.0.0/go.mod h1:rAKZdJldHu8084ojcWevWAL8KmEU+AT+Olodb+WoN2Y=
github.com/alecthomas/repr v0.2.0 h1:HAzS41CIzNW5syS8Mf9UwXhNH1J9aix/BvDRf1Ml2Yk=
github.com/alecthomas/repr v0.2.0/go.mod h1:Fr0507jx4eOXV7AlPV6AVZLYrLIuIeSOWtW57eE/O/4=
github.com/barbashov/iso639-3 v0.0.0-20211020172741-1f4ffb2d8d1c h1:H9Nm+I7Cg/YVPpEV1RzU3Wq2pjamPc/UtHDgItcb7lE=
github.com/barbashov/iso639-3 v0.0.0-20211020172741-1f4ffb2d8d1c/go.mod h1:rGod7o6KPeJ+hyBpHfhi4v7blx9sf+QsHsA7KAsdN6U=
github.com/davecgh/go-spew v1.1.1 h1:vj9j/u1bqnvCEfJOwUhtlOARqs3+rkHYY13jYWTU97c=
github.com/davecgh/go-spew v1.1.1/go.mod h1:J7Y8YcW2NihsgmVo/mv3lAwl/skON4iLHjSsI+c5H38=
github.com/fxamacker/cbor/v2 v2.4.0 h1:ri0ArlOR+5XunOP8CRUowT0pSJOwhW098ZCUyskZD88=
github.com/fxamacker/cbor/v2 v2.4.0/go.mod h1:TA1xS00nchWmaBnEIxPSE5oHLuJBAVvqrtAnWBwBCVo=
github.com/graygnuorg/go-gdbm v0.0.0-20220711140707-71387d66dce4 h1:U4kkNYryi/qfbBF8gh7Vsbuz+cVmhf5kt6pE9bYYyLo=
github.com/graygnuorg/go-gdbm v0.0.0-20220711140707-71387d66dce4/go.mod h1:zpZDgZFzeq9s0MIeB1P50NIEWDFFHSFBohI/NbaTD/Y=
github.com/hexops/gotextdiff v1.0.3 h1:gitA9+qJrrTCsiCl7+kh75nPqQt1cx4ZkudSTLoUqJM=
github.com/hexops/gotextdiff v1.0.3/go.mod h1:pSWU5MAI3yDq+fZBTazCSJysOMbxWL1BSow5/V2vxeg=
github.com/joho/godotenv v1.5.1 h1:7eLL/+HRGLY0ldzfGMeQkb7vMd0as4CfYvUVzLqw0N0=
github.com/joho/godotenv v1.5.1/go.mod h1:f4LDr5Voq0i2e/R5DDNOoa2zzDfwtkZa6DnEwAbqwq4=
github.com/mattn/kinako v0.0.0-20170717041458-332c0a7e205a h1:0Q3H0YXzMHiciXtRcM+j0jiCe8WKPQHoRgQiRTnfcLY=
github.com/mattn/kinako v0.0.0-20170717041458-332c0a7e205a/go.mod h1:CdTTBOYzS5E4mWS1N8NWP6AHI19MP0A2B18n3hLzRMk=
github.com/peteole/testdata-loader v0.3.0 h1:8jckE9KcyNHgyv/VPoaljvKZE0Rqr8+dPVYH6rfNr9I=
github.com/peteole/testdata-loader v0.3.0/go.mod h1:Mt0ZbRtb56u8SLJpNP+BnQbENljMorYBpqlvt3cS83U=
github.com/pmezard/go-difflib v1.0.0 h1:4DBwDE0NGyQoBHbLQYPwSUPoCMWR5BEzIk/f1lZbAQM=
github.com/pmezard/go-difflib v1.0.0/go.mod h1:iKH77koFhYxTK1pcRnkKkqfTogsbg7gZNVY4sRDYZ/4=
github.com/stretchr/objx v0.5.2 h1:xuMeJ0Sdp5ZMRXx/aWO6RZxdr3beISkG5/G/aIRr3pY=
github.com/stretchr/objx v0.5.2/go.mod h1:FRsXN1f5AsAjCGJKqEizvkpNtU+EGNCLh3NxZ/8L+MA=
github.com/stretchr/testify v1.9.0 h1:HtqpIVDClZ4nwg75+f6Lvsy/wHu+3BoSGCbBAcpTsTg=
github.com/stretchr/testify v1.9.0/go.mod h1:r2ic/lqez/lEtzL7wO/rwa5dbSLXVDPFyf8C91i36aY=
github.com/x448/float16 v0.8.4 h1:qLwI1I70+NjRFUR3zs1JPUCgaCXSh3SW62uAKT1mSBM=
github.com/x448/float16 v0.8.4/go.mod h1:14CWIYCyZA/cWjXOioeEpHeN/83MdbZDRQHoFcYsOfg=
gopkg.in/check.v1 v0.0.0-20161208181325-20d25e280405 h1:yhCVgyC4o1eVCa2tZl7eS0r+SDo693bJlVdllGtEeKM=
gopkg.in/check.v1 v0.0.0-20161208181325-20d25e280405/go.mod h1:Co6ibVJAznAaIkqp8huTwlJQCZ016jof/cbN4VW5Yz0=
gopkg.in/leonelquinteros/gotext.v1 v1.3.1 h1:8d9/fdTG0kn/B7NNGV1BsEyvektXFAbkMsTZS2sFSCc=
gopkg.in/leonelquinteros/gotext.v1 v1.3.1/go.mod h1:X1WlGDeAFIYsW6GjgMm4VwUwZ2XjI7Zan2InxSUQWrU=
gopkg.in/yaml.v3 v3.0.1 h1:fxVm/GzAzEWqLHuvctI91KS9hhNmmWOoWu0XTYJS7CA=
gopkg.in/yaml.v3 v3.0.1/go.mod h1:K4uyk7z7BCEPqu6E+C64Yfv1cQ7kz7rIZviUmN+EgEM=
